// !$*UTF8*$!
{
	archiveVersion = 1;
	classes = {
	};
	objectVersion = 46;
	objects = {

/* Begin PBXBuildFile section */
		18D24D7C1E496EAC0065B04F /* main.m in Sources */ = {isa = PBXBuildFile; fileRef = 18D24D7B1E496EAC0065B04F /* main.m */; };
		18D24D7F1E496EAC0065B04F /* AppDelegate.m in Sources */ = {isa = PBXBuildFile; fileRef = 18D24D7E1E496EAC0065B04F /* AppDelegate.m */; };
		18D24D821E496EAC0065B04F /* ViewController.m in Sources */ = {isa = PBXBuildFile; fileRef = 18D24D811E496EAC0065B04F /* ViewController.m */; };
		18D24D851E496EAC0065B04F /* Main.storyboard in Resources */ = {isa = PBXBuildFile; fileRef = 18D24D831E496EAC0065B04F /* Main.storyboard */; };
		18D24D871E496EAC0065B04F /* Assets.xcassets in Resources */ = {isa = PBXBuildFile; fileRef = 18D24D861E496EAC0065B04F /* Assets.xcassets */; };
		18D24D8A1E496EAC0065B04F /* LaunchScreen.storyboard in Resources */ = {isa = PBXBuildFile; fileRef = 18D24D881E496EAC0065B04F /* LaunchScreen.storyboard */; };
/* End PBXBuildFile section */

/* Begin PBXFileReference section */
		18D24D771E496EAC0065B04F /* HBPerformanceManager.app */ = {isa = PBXFileReference; explicitFileType = wrapper.application; includeInIndex = 0; path = HBPerformanceManager.app; sourceTree = BUILT_PRODUCTS_DIR; };
		18D24D7B1E496EAC0065B04F /* main.m */ = {isa = PBXFileReference; lastKnownFileType = sourcecode.c.objc; path = main.m; sourceTree = "<group>"; };
		18D24D7D1E496EAC0065B04F /* AppDelegate.h */ = {isa = PBXFileReference; lastKnownFileType = sourcecode.c.h; path = AppDelegate.h; sourceTree = "<group>"; };
		18D24D7E1E496EAC0065B04F /* AppDelegate.m */ = {isa = PBXFileReference; lastKnownFileType = sourcecode.c.objc; path = AppDelegate.m; sourceTree = "<group>"; };
		18D24D801E496EAC0065B04F /* ViewController.h */ = {isa = PBXFileReference; lastKnownFileType = sourcecode.c.h; path = ViewController.h; sourceTree = "<group>"; };
		18D24D811E496EAC0065B04F /* ViewController.m */ = {isa = PBXFileReference; lastKnownFileType = sourcecode.c.objc; path = ViewController.m; sourceTree = "<group>"; };
		18D24D841E496EAC0065B04F /* Base */ = {isa = PBXFileReference; lastKnownFileType = file.storyboard; name = Base; path = Base.lproj/Main.storyboard; sourceTree = "<group>"; };
		18D24D861E496EAC0065B04F /* Assets.xcassets */ = {isa = PBXFileReference; lastKnownFileType = folder.assetcatalog; path = Assets.xcassets; sourceTree = "<group>"; };
		18D24D891E496EAC0065B04F /* Base */ = {isa = PBXFileReference; lastKnownFileType = file.storyboard; name = Base; path = Base.lproj/LaunchScreen.storyboard; sourceTree = "<group>"; };
		18D24D8B1E496EAC0065B04F /* Info.plist */ = {isa = PBXFileReference; lastKnownFileType = text.plist.xml; path = Info.plist; sourceTree = "<group>"; };
/* End PBXFileReference section */

/* Begin PBXFrameworksBuildPhase section */
		18D24D741E496EAC0065B04F /* Frameworks */ = {
			isa = PBXFrameworksBuildPhase;
			buildActionMask = 2147483647;
			files = (
			);
			runOnlyForDeploymentPostprocessing = 0;
		};
/* End PBXFrameworksBuildPhase section */

/* Begin PBXGroup section */
		18D24D6E1E496EAC0065B04F = {
			isa = PBXGroup;
			children = (
				18D24D791E496EAC0065B04F /* HBPerformanceManager */,
				18D24D781E496EAC0065B04F /* Products */,
			);
			sourceTree = "<group>";
		};
		18D24D781E496EAC0065B04F /* Products */ = {
			isa = PBXGroup;
			children = (
				18D24D771E496EAC0065B04F /* HBPerformanceManager.app */,
			);
			name = Products;
			sourceTree = "<group>";
		};
		18D24D791E496EAC0065B04F /* HBPerformanceManager */ = {
			isa = PBXGroup;
			children = (
				18D24D7D1E496EAC0065B04F /* AppDelegate.h */,
				18D24D7E1E496EAC0065B04F /* AppDelegate.m */,
				18D24D801E496EAC0065B04F /* ViewController.h */,
				18D24D811E496EAC0065B04F /* ViewController.m */,
				18D24D831E496EAC0065B04F /* Main.storyboard */,
				18D24D861E496EAC0065B04F /* Assets.xcassets */,
				18D24D881E496EAC0065B04F /* LaunchScreen.storyboard */,
				18D24D8B1E496EAC0065B04F /* Info.plist */,
				18D24D7A1E496EAC0065B04F /* Supporting Files */,
			);
			path = HBPerformanceManager;
			sourceTree = "<group>";
		};
		18D24D7A1E496EAC0065B04F /* Supporting Files */ = {
			isa = PBXGroup;
			children = (
				18D24D7B1E496EAC0065B04F /* main.m */,
			);
			name = "Supporting Files";
			sourceTree = "<group>";
		};
/* End PBXGroup section */

/* Begin PBXNativeTarget section */
		18D24D761E496EAC0065B04F /* HBPerformanceManager */ = {
			isa = PBXNativeTarget;
			buildConfigurationList = 18D24D8E1E496EAC0065B04F /* Build configuration list for PBXNativeTarget "HBPerformanceManager" */;
			buildPhases = (
				18D24D731E496EAC0065B04F /* Sources */,
				18D24D741E496EAC0065B04F /* Frameworks */,
				18D24D751E496EAC0065B04F /* Resources */,
			);
			buildRules = (
			);
			dependencies = (
			);
			name = HBPerformanceManager;
			productName = HBPerformanceManager;
			productReference = 18D24D771E496EAC0065B04F /* HBPerformanceManager.app */;
			productType = "com.apple.product-type.application";
		};
/* End PBXNativeTarget section */

/* Begin PBXProject section */
		18D24D6F1E496EAC0065B04F /* Project object */ = {
			isa = PBXProject;
			attributes = {
				LastUpgradeCheck = 0820;
				ORGANIZATIONNAME = bob;
				TargetAttributes = {
					18D24D761E496EAC0065B04F = {
						CreatedOnToolsVersion = 8.2.1;
						ProvisioningStyle = Automatic;
					};
				};
			};
			buildConfigurationList = 18D24D721E496EAC0065B04F /* Build configuration list for PBXProject "HBPerformanceManager" */;
			compatibilityVersion = "Xcode 3.2";
			developmentRegion = English;
			hasScannedForEncodings = 0;
			knownRegions = (
				en,
				Base,
			);
			mainGroup = 18D24D6E1E496EAC0065B04F;
			productRefGroup = 18D24D781E496EAC0065B04F /* Products */;
			projectDirPath = "";
			projectRoot = "";
			targets = (
				18D24D761E496EAC0065B04F /* HBPerformanceManager */,
			);
		};
/* End PBXProject section */

/* Begin PBXResourcesBuildPhase section */
		18D24D751E496EAC0065B04F /* Resources */ = {
			isa = PBXResourcesBuildPhase;
			buildActionMask = 2147483647;
			files = (
				18D24D8A1E496EAC0065B04F /* LaunchScreen.storyboard in Resources */,
				18D24D871E496EAC0065B04F /* Assets.xcassets in Resources */,
				18D24D851E496EAC0065B04F /* Main.storyboard in Resources */,
			);
			runOnlyForDeploymentPostprocessing = 0;
		};
/* End PBXResourcesBuildPhase section */

/* Begin PBXSourcesBuildPhase section */
		18D24D731E496EAC0065B04F /* Sources */ = {
			isa = PBXSourcesBuildPhase;
			buildActionMask = 2147483647;
			files = (
				18D24D821E496EAC0065B04F /* ViewController.m in Sources */,
				18D24D7F1E496EAC0065B04F /* AppDelegate.m in Sources */,
				18D24D7C1E496EAC0065B04F /* main.m in Sources */,
			);
			runOnlyForDeploymentPostprocessing = 0;
		};
/* End PBXSourcesBuildPhase section */

/* Begin PBXVariantGroup section */
		18D24D831E496EAC0065B04F /* Main.storyboard */ = {
			isa = PBXVariantGroup;
			children = (
				18D24D841E496EAC0065B04F /* Base */,
			);
			name = Main.storyboard;
			sourceTree = "<group>";
		};
		18D24D881E496EAC0065B04F /* LaunchScreen.storyboard */ = {
			isa = PBXVariantGroup;
			children = (
				18D24D891E496EAC0065B04F /* Base */,
			);
			name = LaunchScreen.storyboard;
			sourceTree = "<group>";
		};
/* End PBXVariantGroup section */

/* Begin XCBuildConfiguration section */
		18D24D8C1E496EAC0065B04F /* Debug */ = {
			isa = XCBuildConfiguration;
			buildSettings = {
				ALWAYS_SEARCH_USER_PATHS = NO;
				CLANG_ANALYZER_NONNULL = YES;
				CLANG_CXX_LANGUAGE_STANDARD = "gnu++0x";
				CLANG_CXX_LIBRARY = "libc++";
				CLANG_ENABLE_MODULES = YES;
				CLANG_ENABLE_OBJC_ARC = YES;
				CLANG_WARN_BOOL_CONVERSION = YES;
				CLANG_WARN_CONSTANT_CONVERSION = YES;
				CLANG_WARN_DIRECT_OBJC_ISA_USAGE = YES_ERROR;
				CLANG_WARN_DOCUMENTATION_COMMENTS = YES;
				CLANG_WARN_EMPTY_BODY = YES;
				CLANG_WARN_ENUM_CONVERSION = YES;
				CLANG_WARN_INFINITE_RECURSION = YES;
				CLANG_WARN_INT_CONVERSION = YES;
				CLANG_WARN_OBJC_ROOT_CLASS = YES_ERROR;
				CLANG_WARN_SUSPICIOUS_MOVE = YES;
				CLANG_WARN_UNREACHABLE_CODE = YES;
				CLANG_WARN__DUPLICATE_METHOD_MATCH = YES;
				"CODE_SIGN_IDENTITY[sdk=iphoneos*]" = "iPhone Developer";
				COPY_PHASE_STRIP = NO;
				DEBUG_INFORMATION_FORMAT = dwarf;
				ENABLE_STRICT_OBJC_MSGSEND = YES;
				ENABLE_TESTABILITY = YES;
				GCC_C_LANGUAGE_STANDARD = gnu99;
				GCC_DYNAMIC_NO_PIC = NO;
				GCC_NO_COMMON_BLOCKS = YES;
				GCC_OPTIMIZATION_LEVEL = 0;
				GCC_PREPROCESSOR_DEFINITIONS = (
					"DEBUG=1",
					"$(inherited)",
				);
				GCC_WARN_64_TO_32_BIT_CONVERSION = YES;
				GCC_WARN_ABOUT_RETURN_TYPE = YES_ERROR;
				GCC_WARN_UNDECLARED_SELECTOR = YES;
				GCC_WARN_UNINITIALIZED_AUTOS = YES_AGGRESSIVE;
				GCC_WARN_UNUSED_FUNCTION = YES;
				GCC_WARN_UNUSED_VARIABLE = YES;
				IPHONEOS_DEPLOYMENT_TARGET = 10.2;
				MTL_ENABLE_DEBUG_INFO = YES;
				ONLY_ACTIVE_ARCH = YES;
				SDKROOT = iphoneos;
			};
			name = Debug;
		};
		18D24D8D1E496EAC0065B04F /* Release */ = {
			isa = XCBuildConfiguration;
			buildSettings = {
				ALWAYS_SEARCH_USER_PATHS = NO;
				CLANG_ANALYZER_NONNULL = YES;
				CLANG_CXX_LANGUAGE_STANDARD = "gnu++0x";
				CLANG_CXX_LIBRARY = "libc++";
				CLANG_ENABLE_MODULES = YES;
				CLANG_ENABLE_OBJC_ARC = YES;
				CLANG_WARN_BOOL_CONVERSION = YES;
				CLANG_WARN_CONSTANT_CONVERSION = YES;
				CLANG_WARN_DIRECT_OBJC_ISA_USAGE = YES_ERROR;
				CLANG_WARN_DOCUMENTATION_COMMENTS = YES;
				CLANG_WARN_EMPTY_BODY = YES;
				CLANG_WARN_ENUM_CONVERSION = YES;
				CLANG_WARN_INFINITE_RECURSION = YES;
				CLANG_WARN_INT_CONVERSION = YES;
				CLANG_WARN_OBJC_ROOT_CLASS = YES_ERROR;
				CLANG_WARN_SUSPICIOUS_MOVE = YES;
				CLANG_WARN_UNREACHABLE_CODE = YES;
				CLANG_WARN__DUPLICATE_METHOD_MATCH = YES;
				"CODE_SIGN_IDENTITY[sdk=iphoneos*]" = "iPhone Developer";
				COPY_PHASE_STRIP = NO;
				DEBUG_INFORMATION_FORMAT = "dwarf-with-dsym";
				ENABLE_NS_ASSERTIONS = NO;
				ENABLE_STRICT_OBJC_MSGSEND = YES;
				GCC_C_LANGUAGE_STANDARD = gnu99;
				GCC_NO_COMMON_BLOCKS = YES;
				GCC_WARN_64_TO_32_BIT_CONVERSION = YES;
				GCC_WARN_ABOUT_RETURN_TYPE = YES_ERROR;
				GCC_WARN_UNDECLARED_SELECTOR = YES;
				GCC_WARN_UNINITIALIZED_AUTOS = YES_AGGRESSIVE;
				GCC_WARN_UNUSED_FUNCTION = YES;
				GCC_WARN_UNUSED_VARIABLE = YES;
				IPHONEOS_DEPLOYMENT_TARGET = 10.2;
				MTL_ENABLE_DEBUG_INFO = NO;
				SDKROOT = iphoneos;
				VALIDATE_PRODUCT = YES;
			};
			name = Release;
		};
		18D24D8F1E496EAC0065B04F /* Debug */ = {
			isa = XCBuildConfiguration;
			buildSettings = {
				ASSETCATALOG_COMPILER_APPICON_NAME = AppIcon;
				INFOPLIST_FILE = HBPerformanceManager/Info.plist;
				LD_RUNPATH_SEARCH_PATHS = "$(inherited) @executable_path/Frameworks";
				PRODUCT_BUNDLE_IDENTIFIER = bob.HBPerformanceManager;
				PRODUCT_NAME = "$(TARGET_NAME)";
			};
			name = Debug;
		};
		18D24D901E496EAC0065B04F /* Release */ = {
			isa = XCBuildConfiguration;
			buildSettings = {
				ASSETCATALOG_COMPILER_APPICON_NAME = AppIcon;
				INFOPLIST_FILE = HBPerformanceManager/Info.plist;
				LD_RUNPATH_SEARCH_PATHS = "$(inherited) @executable_path/Frameworks";
				PRODUCT_BUNDLE_IDENTIFIER = bob.HBPerformanceManager;
				PRODUCT_NAME = "$(TARGET_NAME)";
			};
			name = Release;
		};
/* End XCBuildConfiguration section */

/* Begin XCConfigurationList section */
		18D24D721E496EAC0065B04F /* Build configuration list for PBXProject "HBPerformanceManager" */ = {
			isa = XCConfigurationList;
			buildConfigurations = (
				18D24D8C1E496EAC0065B04F /* Debug */,
				18D24D8D1E496EAC0065B04F /* Release */,
			);
			defaultConfigurationIsVisible = 0;
			defaultConfigurationName = Release;
		};
		18D24D8E1E496EAC0065B04F /* Build configuration list for PBXNativeTarget "HBPerformanceManager" */ = {
			isa = XCConfigurationList;
			buildConfigurations = (
				18D24D8F1E496EAC0065B04F /* Debug */,
				18D24D901E496EAC0065B04F /* Release */,
			);
			defaultConfigurationIsVisible = 0;
		};
/* End XCConfigurationList section */
	};
	rootObject = 18D24D6F1E496EAC0065B04F /* Project object */;
}
